// !$*UTF8*$!
{
	archiveVersion = 1;
	classes = {
	};
	objectVersion = 46;
	objects = {

/* Begin PBXBuildFile section */
		A8C713BB1AC2428300BDCCDA /* AppDelegate.swift in Sources */ = {isa = PBXBuildFile; fileRef = A8C713BA1AC2428300BDCCDA /* AppDelegate.swift */; };
		A8C713BD1AC2428300BDCCDA /* ViewController.swift in Sources */ = {isa = PBXBuildFile; fileRef = A8C713BC1AC2428300BDCCDA /* ViewController.swift */; };
		A8C713C01AC2428300BDCCDA /* Main.storyboard in Resources */ = {isa = PBXBuildFile; fileRef = A8C713BE1AC2428300BDCCDA /* Main.storyboard */; };
		A8C713C21AC2428300BDCCDA /* Images.xcassets in Resources */ = {isa = PBXBuildFile; fileRef = A8C713C11AC2428300BDCCDA /* Images.xcassets */; };
		A8C713C51AC2428300BDCCDA /* LaunchScreen.xib in Resources */ = {isa = PBXBuildFile; fileRef = A8C713C31AC2428300BDCCDA /* LaunchScreen.xib */; };
		A8C713D11AC2428300BDCCDA /* CalculatorExampleTests.swift in Sources */ = {isa = PBXBuildFile; fileRef = A8C713D01AC2428300BDCCDA /* CalculatorExampleTests.swift */; };
		A8C713DB1AC29CD100BDCCDA /* CalculatorExampleBrain.swift in Sources */ = {isa = PBXBuildFile; fileRef = A8C713DA1AC29CD100BDCCDA /* CalculatorExampleBrain.swift */; };
/* End PBXBuildFile section */

/* Begin PBXContainerItemProxy section */
		A8C713CB1AC2428300BDCCDA /* PBXContainerItemProxy */ = {
			isa = PBXContainerItemProxy;
			containerPortal = A8C713AD1AC2428300BDCCDA /* Project object */;
			proxyType = 1;
			remoteGlobalIDString = A8C713B41AC2428300BDCCDA;
			remoteInfo = CalculatorExample;
		};
/* End PBXContainerItemProxy section */

/* Begin PBXFileReference section */
		A8C713B51AC2428300BDCCDA /* CalculatorExample.app */ = {isa = PBXFileReference; explicitFileType = wrapper.application; includeInIndex = 0; path = CalculatorExample.app; sourceTree = BUILT_PRODUCTS_DIR; };
		A8C713B91AC2428300BDCCDA /* Info.plist */ = {isa = PBXFileReference; lastKnownFileType = text.plist.xml; path = Info.plist; sourceTree = "<group>"; };
		A8C713BA1AC2428300BDCCDA /* AppDelegate.swift */ = {isa = PBXFileReference; lastKnownFileType = sourcecode.swift; path = AppDelegate.swift; sourceTree = "<group>"; };
		A8C713BC1AC2428300BDCCDA /* ViewController.swift */ = {isa = PBXFileReference; lastKnownFileType = sourcecode.swift; path = ViewController.swift; sourceTree = "<group>"; };
		A8C713BF1AC2428300BDCCDA /* Base */ = {isa = PBXFileReference; lastKnownFileType = file.storyboard; name = Base; path = Base.lproj/Main.storyboard; sourceTree = "<group>"; };
		A8C713C11AC2428300BDCCDA /* Images.xcassets */ = {isa = PBXFileReference; lastKnownFileType = folder.assetcatalog; path = Images.xcassets; sourceTree = "<group>"; };
		A8C713C41AC2428300BDCCDA /* Base */ = {isa = PBXFileReference; lastKnownFileType = file.xib; name = Base; path = Base.lproj/LaunchScreen.xib; sourceTree = "<group>"; };
		A8C713CA1AC2428300BDCCDA /* CalculatorExampleTests.xctest */ = {isa = PBXFileReference; explicitFileType = wrapper.cfbundle; includeInIndex = 0; path = CalculatorExampleTests.xctest; sourceTree = BUILT_PRODUCTS_DIR; };
		A8C713CF1AC2428300BDCCDA /* Info.plist */ = {isa = PBXFileReference; lastKnownFileType = text.plist.xml; path = Info.plist; sourceTree = "<group>"; };
		A8C713D01AC2428300BDCCDA /* CalculatorExampleTests.swift */ = {isa = PBXFileReference; lastKnownFileType = sourcecode.swift; path = CalculatorExampleTests.swift; sourceTree = "<group>"; };
		A8C713DA1AC29CD100BDCCDA /* CalculatorExampleBrain.swift */ = {isa = PBXFileReference; fileEncoding = 4; lastKnownFileType = sourcecode.swift; name = CalculatorExampleBrain.swift; path = CalculatorExample/CalculatorExampleBrain.swift; sourceTree = "<group>"; };
/* End PBXFileReference section */

/* Begin PBXFrameworksBuildPhase section */
		A8C713B21AC2428300BDCCDA /* Frameworks */ = {
			isa = PBXFrameworksBuildPhase;
			buildActionMask = 2147483647;
			files = (
			);
			runOnlyForDeploymentPostprocessing = 0;
		};
		A8C713C71AC2428300BDCCDA /* Frameworks */ = {
			isa = PBXFrameworksBuildPhase;
			buildActionMask = 2147483647;
			files = (
			);
			runOnlyForDeploymentPostprocessing = 0;
		};
/* End PBXFrameworksBuildPhase section */

/* Begin PBXGroup section */
		A8C713AC1AC2428300BDCCDA = {
			isa = PBXGroup;
			children = (
				A8C713DA1AC29CD100BDCCDA /* CalculatorExampleBrain.swift */,
				A8C713B71AC2428300BDCCDA /* CalculatorExample */,
				A8C713CD1AC2428300BDCCDA /* CalculatorExampleTests */,
				A8C713B61AC2428300BDCCDA /* Products */,
			);
			sourceTree = "<group>";
		};
		A8C713B61AC2428300BDCCDA /* Products */ = {
			isa = PBXGroup;
			children = (
				A8C713B51AC2428300BDCCDA /* CalculatorExample.app */,
				A8C713CA1AC2428300BDCCDA /* CalculatorExampleTests.xctest */,
			);
			name = Products;
			sourceTree = "<group>";
		};
		A8C713B71AC2428300BDCCDA /* CalculatorExample */ = {
			isa = PBXGroup;
			children = (
				A8C713BC1AC2428300BDCCDA /* ViewController.swift */,
				A8C713BE1AC2428300BDCCDA /* Main.storyboard */,
				A8C713B81AC2428300BDCCDA /* Supporting Files */,
			);
			path = CalculatorExample;
			sourceTree = "<group>";
		};
		A8C713B81AC2428300BDCCDA /* Supporting Files */ = {
			isa = PBXGroup;
			children = (
				A8C713BA1AC2428300BDCCDA /* AppDelegate.swift */,
				A8C713C11AC2428300BDCCDA /* Images.xcassets */,
				A8C713C31AC2428300BDCCDA /* LaunchScreen.xib */,
				A8C713B91AC2428300BDCCDA /* Info.plist */,
			);
			name = "Supporting Files";
			sourceTree = "<group>";
		};
		A8C713CD1AC2428300BDCCDA /* CalculatorExampleTests */ = {
			isa = PBXGroup;
			children = (
				A8C713D01AC2428300BDCCDA /* CalculatorExampleTests.swift */,
				A8C713CE1AC2428300BDCCDA /* Supporting Files */,
			);
			path = CalculatorExampleTests;
			sourceTree = "<group>";
		};
		A8C713CE1AC2428300BDCCDA /* Supporting Files */ = {
			isa = PBXGroup;
			children = (
				A8C713CF1AC2428300BDCCDA /* Info.plist */,
			);
			name = "Supporting Files";
			sourceTree = "<group>";
		};
/* End PBXGroup section */

/* Begin PBXNativeTarget section */
		A8C713B41AC2428300BDCCDA /* CalculatorExample */ = {
			isa = PBXNativeTarget;
			buildConfigurationList = A8C713D41AC2428300BDCCDA /* Build configuration list for PBXNativeTarget "CalculatorExample" */;
			buildPhases = (
				A8C713B11AC2428300BDCCDA /* Sources */,
				A8C713B21AC2428300BDCCDA /* Frameworks */,
				A8C713B31AC2428300BDCCDA /* Resources */,
			);
			buildRules = (
			);
			dependencies = (
			);
			name = CalculatorExample;
			productName = CalculatorExample;
			productReference = A8C713B51AC2428300BDCCDA /* CalculatorExample.app */;
			productType = "com.apple.product-type.application";
		};
		A8C713C91AC2428300BDCCDA /* CalculatorExampleTests */ = {
			isa = PBXNativeTarget;
			buildConfigurationList = A8C713D71AC2428300BDCCDA /* Build configuration list for PBXNativeTarget "CalculatorExampleTests" */;
			buildPhases = (
				A8C713C61AC2428300BDCCDA /* Sources */,
				A8C713C71AC2428300BDCCDA /* Frameworks */,
				A8C713C81AC2428300BDCCDA /* Resources */,
			);
			buildRules = (
			);
			dependencies = (
				A8C713CC1AC2428300BDCCDA /* PBXTargetDependency */,
			);
			name = CalculatorExampleTests;
			productName = CalculatorExampleTests;
			productReference = A8C713CA1AC2428300BDCCDA /* CalculatorExampleTests.xctest */;
			productType = "com.apple.product-type.bundle.unit-test";
		};
/* End PBXNativeTarget section */

/* Begin PBXProject section */
		A8C713AD1AC2428300BDCCDA /* Project object */ = {
			isa = PBXProject;
			attributes = {
				LastUpgradeCheck = 0620;
				ORGANIZATIONNAME = JYLock;
				TargetAttributes = {
					A8C713B41AC2428300BDCCDA = {
						CreatedOnToolsVersion = 6.2;
					};
					A8C713C91AC2428300BDCCDA = {
						CreatedOnToolsVersion = 6.2;
						TestTargetID = A8C713B41AC2428300BDCCDA;
					};
				};
			};
			buildConfigurationList = A8C713B01AC2428300BDCCDA /* Build configuration list for PBXProject "CalculatorExample" */;
			compatibilityVersion = "Xcode 3.2";
			developmentRegion = English;
			hasScannedForEncodings = 0;
			knownRegions = (
				en,
				Base,
			);
			mainGroup = A8C713AC1AC2428300BDCCDA;
			productRefGroup = A8C713B61AC2428300BDCCDA /* Products */;
			projectDirPath = "";
			projectRoot = "";
			targets = (
				A8C713B41AC2428300BDCCDA /* CalculatorExample */,
				A8C713C91AC2428300BDCCDA /* CalculatorExampleTests */,
			);
		};
/* End PBXProject section */

/* Begin PBXResourcesBuildPhase section */
		A8C713B31AC2428300BDCCDA /* Resources */ = {
			isa = PBXResourcesBuildPhase;
			buildActionMask = 2147483647;
			files = (
				A8C713C01AC2428300BDCCDA /* Main.storyboard in Resources */,
				A8C713C51AC2428300BDCCDA /* LaunchScreen.xib in Resources */,
				A8C713C21AC2428300BDCCDA /* Images.xcassets in Resources */,
			);
			runOnlyForDeploymentPostprocessing = 0;
		};
		A8C713C81AC2428300BDCCDA /* Resources */ = {
			isa = PBXResourcesBuildPhase;
			buildActionMask = 2147483647;
			files = (
			);
			runOnlyForDeploymentPostprocessing = 0;
		};
/* End PBXResourcesBuildPhase section */

/* Begin PBXSourcesBuildPhase section */
		A8C713B11AC2428300BDCCDA /* Sources */ = {
			isa = PBXSourcesBuildPhase;
			buildActionMask = 2147483647;
			files = (
				A8C713BD1AC2428300BDCCDA /* ViewController.swift in Sources */,
				A8C713DB1AC29CD100BDCCDA /* CalculatorExampleBrain.swift in Sources */,
				A8C713BB1AC2428300BDCCDA /* AppDelegate.swift in Sources */,
			);
			runOnlyForDeploymentPostprocessing = 0;
		};
		A8C713C61AC2428300BDCCDA /* Sources */ = {
			isa = PBXSourcesBuildPhase;
			buildActionMask = 2147483647;
			files = (
				A8C713D11AC2428300BDCCDA /* CalculatorExampleTests.swift in Sources */,
			);
			runOnlyForDeploymentPostprocessing = 0;
		};
/* End PBXSourcesBuildPhase section */

/* Begin PBXTargetDependency section */
		A8C713CC1AC2428300BDCCDA /* PBXTargetDependency */ = {
			isa = PBXTargetDependency;
			target = A8C713B41AC2428300BDCCDA /* CalculatorExample */;
			targetProxy = A8C713CB1AC2428300BDCCDA /* PBXContainerItemProxy */;
		};
/* End PBXTargetDependency section */

/* Begin PBXVariantGroup section */
		A8C713BE1AC2428300BDCCDA /* Main.storyboard */ = {
			isa = PBXVariantGroup;
			children = (
				A8C713BF1AC2428300BDCCDA /* Base */,
			);
			name = Main.storyboard;
			sourceTree = "<group>";
		};
		A8C713C31AC2428300BDCCDA /* LaunchScreen.xib */ = {
			isa = PBXVariantGroup;
			children = (
				A8C713C41AC2428300BDCCDA /* Base */,
			);
			name = LaunchScreen.xib;
			sourceTree = "<group>";
		};
/* End PBXVariantGroup section */

/* Begin XCBuildConfiguration section */
		A8C713D21AC2428300BDCCDA /* Debug */ = {
			isa = XCBuildConfiguration;
			buildSettings = {
				ALWAYS_SEARCH_USER_PATHS = NO;
				CLANG_CXX_LANGUAGE_STANDARD = "gnu++0x";
				CLANG_CXX_LIBRARY = "libc++";
				CLANG_ENABLE_MODULES = YES;
				CLANG_ENABLE_OBJC_ARC = YES;
				CLANG_WARN_BOOL_CONVERSION = YES;
				CLANG_WARN_CONSTANT_CONVERSION = YES;
				CLANG_WARN_DIRECT_OBJC_ISA_USAGE = YES_ERROR;
				CLANG_WARN_EMPTY_BODY = YES;
				CLANG_WARN_ENUM_CONVERSION = YES;
				CLANG_WARN_INT_CONVERSION = YES;
				CLANG_WARN_OBJC_ROOT_CLASS = YES_ERROR;
				CLANG_WARN_UNREACHABLE_CODE = YES;
				CLANG_WARN__DUPLICATE_METHOD_MATCH = YES;
				"CODE_SIGN_IDENTITY[sdk=iphoneos*]" = "iPhone Developer";
				COPY_PHASE_STRIP = NO;
				ENABLE_STRICT_OBJC_MSGSEND = YES;
				GCC_C_LANGUAGE_STANDARD = gnu99;
				GCC_DYNAMIC_NO_PIC = NO;
				GCC_OPTIMIZATION_LEVEL = 0;
				GCC_PREPROCESSOR_DEFINITIONS = (
					"DEBUG=1",
					"$(inherited)",
				);
				GCC_SYMBOLS_PRIVATE_EXTERN = NO;
				GCC_WARN_64_TO_32_BIT_CONVERSION = YES;
				GCC_WARN_ABOUT_RETURN_TYPE = YES_ERROR;
				GCC_WARN_UNDECLARED_SELECTOR = YES;
				GCC_WARN_UNINITIALIZED_AUTOS = YES_AGGRESSIVE;
				GCC_WARN_UNUSED_FUNCTION = YES;
				GCC_WARN_UNUSED_VARIABLE = YES;
				IPHONEOS_DEPLOYMENT_TARGET = 8.2;
				MTL_ENABLE_DEBUG_INFO = YES;
				ONLY_ACTIVE_ARCH = YES;
				SDKROOT = iphoneos;
				SWIFT_OPTIMIZATION_LEVEL = "-Onone";
				TARGETED_DEVICE_FAMILY = "1,2";
			};
			name = Debug;
		};
		A8C713D31AC2428300BDCCDA /* Release */ = {
			isa = XCBuildConfiguration;
			buildSettings = {
				ALWAYS_SEARCH_USER_PATHS = NO;
				CLANG_CXX_LANGUAGE_STANDARD = "gnu++0x";
				CLANG_CXX_LIBRARY = "libc++";
				CLANG_ENABLE_MODULES = YES;
				CLANG_ENABLE_OBJC_ARC = YES;
				CLANG_WARN_BOOL_CONVERSION = YES;
				CLANG_WARN_CONSTANT_CONVERSION = YES;
				CLANG_WARN_DIRECT_OBJC_ISA_USAGE = YES_ERROR;
				CLANG_WARN_EMPTY_BODY = YES;
				CLANG_WARN_ENUM_CONVERSION = YES;
				CLANG_WARN_INT_CONVERSION = YES;
				CLANG_WARN_OBJC_ROOT_CLASS = YES_ERROR;
				CLANG_WARN_UNREACHABLE_CODE = YES;
				CLANG_WARN__DUPLICATE_METHOD_MATCH = YES;
				"CODE_SIGN_IDENTITY[sdk=iphoneos*]" = "iPhone Developer";
				COPY_PHASE_STRIP = NO;
				ENABLE_NS_ASSERTIONS = NO;
				ENABLE_STRICT_OBJC_MSGSEND = YES;
				GCC_C_LANGUAGE_STANDARD = gnu99;
				GCC_WARN_64_TO_32_BIT_CONVERSION = YES;
				GCC_WARN_ABOUT_RETURN_TYPE = YES_ERROR;
				GCC_WARN_UNDECLARED_SELECTOR = YES;
				GCC_WARN_UNINITIALIZED_AUTOS = YES_AGGRESSIVE;
				GCC_WARN_UNUSED_FUNCTION = YES;
				GCC_WARN_UNUSED_VARIABLE = YES;
				IPHONEOS_DEPLOYMENT_TARGET = 8.2;
				MTL_ENABLE_DEBUG_INFO = NO;
				SDKROOT = iphoneos;
				TARGETED_DEVICE_FAMILY = "1,2";
				VALIDATE_PRODUCT = YES;
			};
			name = Release;
		};
		A8C713D51AC2428300BDCCDA /* Debug */ = {
			isa = XCBuildConfiguration;
			buildSettings = {
				ASSETCATALOG_COMPILER_APPICON_NAME = AppIcon;
				INFOPLIST_FILE = CalculatorExample/Info.plist;
				LD_RUNPATH_SEARCH_PATHS = "$(inherited) @executable_path/Frameworks";
				PRODUCT_NAME = "$(TARGET_NAME)";
			};
			name = Debug;
		};
		A8C713D61AC2428300BDCCDA /* Release */ = {
			isa = XCBuildConfiguration;
			buildSettings = {
				ASSETCATALOG_COMPILER_APPICON_NAME = AppIcon;
				INFOPLIST_FILE = CalculatorExample/Info.plist;
				LD_RUNPATH_SEARCH_PATHS = "$(inherited) @executable_path/Frameworks";
				PRODUCT_NAME = "$(TARGET_NAME)";
			};
			name = Release;
		};
		A8C713D81AC2428300BDCCDA /* Debug */ = {
			isa = XCBuildConfiguration;
			buildSettings = {
				BUNDLE_LOADER = "$(TEST_HOST)";
				FRAMEWORK_SEARCH_PATHS = (
					"$(SDKROOT)/Developer/Library/Frameworks",
					"$(inherited)",
				);
				GCC_PREPROCESSOR_DEFINITIONS = (
					"DEBUG=1",
					"$(inherited)",
				);
				INFOPLIST_FILE = CalculatorExampleTests/Info.plist;
				LD_RUNPATH_SEARCH_PATHS = "$(inherited) @executable_path/Frameworks @loader_path/Frameworks";
				PRODUCT_NAME = "$(TARGET_NAME)";
				TEST_HOST = "$(BUILT_PRODUCTS_DIR)/CalculatorExample.app/CalculatorExample";
			};
			name = Debug;
		};
		A8C713D91AC2428300BDCCDA /* Release */ = {
			isa = XCBuildConfiguration;
			buildSettings = {
				BUNDLE_LOADER = "$(TEST_HOST)";
				FRAMEWORK_SEARCH_PATHS = (
					"$(SDKROOT)/Developer/Library/Frameworks",
					"$(inherited)",
				);
				INFOPLIST_FILE = CalculatorExampleTests/Info.plist;
				LD_RUNPATH_SEARCH_PATHS = "$(inherited) @executable_path/Frameworks @loader_path/Frameworks";
				PRODUCT_NAME = "$(TARGET_NAME)";
				TEST_HOST = "$(BUILT_PRODUCTS_DIR)/CalculatorExample.app/CalculatorExample";
			};
			name = Release;
		};
/* End XCBuildConfiguration section */

/* Begin XCConfigurationList section */
		A8C713B01AC2428300BDCCDA /* Build configuration list for PBXProject "CalculatorExample" */ = {
			isa = XCConfigurationList;
			buildConfigurations = (
				A8C713D21AC2428300BDCCDA /* Debug */,
				A8C713D31AC2428300BDCCDA /* Release */,
			);
			defaultConfigurationIsVisible = 0;
			defaultConfigurationName = Release;
		};
		A8C713D41AC2428300BDCCDA /* Build configuration list for PBXNativeTarget "CalculatorExample" */ = {
			isa = XCConfigurationList;
			buildConfigurations = (
				A8C713D51AC2428300BDCCDA /* Debug */,
				A8C713D61AC2428300BDCCDA /* Release */,
			);
			defaultConfigurationIsVisible = 0;
			defaultConfigurationName = Release;
		};
		A8C713D71AC2428300BDCCDA /* Build configuration list for PBXNativeTarget "CalculatorExampleTests" */ = {
			isa = XCConfigurationList;
			buildConfigurations = (
				A8C713D81AC2428300BDCCDA /* Debug */,
				A8C713D91AC2428300BDCCDA /* Release */,
			);
			defaultConfigurationIsVisible = 0;
			defaultConfigurationName = Release;
		};
/* End XCConfigurationList section */
	};
	rootObject = A8C713AD1AC2428300BDCCDA /* Project object */;
}
